dependencies:
  idf:
    source:
      type: idf
    version: 6.1.0
  wasm-micro-runtime:
    component_hash: 713ac0a363a97ad951440e9f5a495d5cac426ee5501667a61d8aed6291c3facc
    dependencies:
    - name: idf
      version: '>=4.4'
    source:
      git: https://github.com/darren-you/wasm-micro-runtime.git
      path: .
      type: git
    targets:
    - esp32
    - esp32s3
    - esp32c3
    - esp32c6
    - esp32p4
    - esp32c5
    version: c10736fffdf26d7c2ae234e05aa712df112eb6bf
direct_dependencies:
- idf
- wasm-micro-runtime
manifest_hash: 807a6417381f9397b85633cf5cd8640a99ef82f7b607afc296072a37badcfd26
target: esp32c3
version: 3.0.0
