dependencies:
  idf:
    source:
      type: idf
    version: 6.1.0
  wasm-micro-runtime:
    component_hash: d68663bda3f3b42ddfb2657d6576d7a46c440fa392e86de0c9debba2ca04cd6c
    dependencies:
    - name: idf
      version: '>=4.4'
    source:
      git: https://github.com/darren-you/wasm-micro-runtime.git
      path: .
      type: git
    targets:
    - esp32
    - esp32s3
    - esp32c3
    - esp32c6
    - esp32p4
    - esp32c5
    version: 74fd95ccbdc417c3816e04f3308eea8a5473ed34
direct_dependencies:
- idf
- wasm-micro-runtime
manifest_hash: 54341bed3a6bc1d53a39d31f5863176d6f84aa0b4b2814fb5d72eff950f84400
target: esp32
version: 3.0.0
